{
  "version": 4,
  "terraform_version": "1.3.9",
  "serial": 86,
  "lineage": "7767a1f8-831c-d323-869d-f4cf0e9cfdf5",
  "outputs": {},
  "resources": [
    {
      "mode": "managed",
      "type": "google_container_cluster",
      "name": "k8s-cluster",
      "provider": "provider[\"registry.terraform.io/hashicorp/google\"]",
      "instances": [
        {
          "schema_version": 1,
          "attributes": {
            "addons_config": [
              {
                "cloudrun_config": [],
                "config_connector_config": [],
                "dns_cache_config": [],
                "gce_persistent_disk_csi_driver_config": [
                  {
                    "enabled": true
                  }
                ],
                "gcp_filestore_csi_driver_config": [],
                "gke_backup_agent_config": [],
                "horizontal_pod_autoscaling": [],
                "http_load_balancing": [],
                "network_policy_config": [
                  {
                    "disabled": true
                  }
                ]
              }
            ],
            "authenticator_groups_config": [],
            "binary_authorization": [
              {
                "enabled": false,
                "evaluation_mode": ""
              }
            ],
            "cluster_autoscaling": [
              {
                "auto_provisioning_defaults": [],
                "enabled": false,
                "resource_limits": []
              }
            ],
            "cluster_ipv4_cidr": "10.4.0.0/14",
            "confidential_nodes": [],
            "cost_management_config": [],
            "database_encryption": [
              {
                "key_name": "",
                "state": "DECRYPTED"
              }
            ],
            "datapath_provider": "",
            "default_max_pods_per_node": 110,
            "default_snat_status": [
              {
                "disabled": false
              }
            ],
            "description": "",
            "dns_config": [],
            "enable_autopilot": false,
            "enable_binary_authorization": false,
            "enable_intranode_visibility": false,
            "enable_kubernetes_alpha": false,
            "enable_l4_ilb_subsetting": false,
            "enable_legacy_abac": false,
            "enable_shielded_nodes": true,
            "enable_tpu": false,
            "endpoint": "35.243.164.186",
            "gateway_api_config": [],
            "id": "projects/dataloop-candidate-environment/locations/us-east1-b/clusters/dheeraj-company5-prod-gcp-k8s-cluster",
            "initial_node_count": 1,
            "ip_allocation_policy": [
              {
                "cluster_ipv4_cidr_block": "10.4.0.0/14",
                "cluster_secondary_range_name": "gke-dheeraj-company5-prod-gcp-k8s-cluster-pods-616f84d6",
                "services_ipv4_cidr_block": "10.8.0.0/20",
                "services_secondary_range_name": "gke-dheeraj-company5-prod-gcp-k8s-cluster-services-616f84d6"
              }
            ],
            "label_fingerprint": "a9dc16a7",
            "location": "us-east1-b",
            "logging_config": [
              {
                "enable_components": [
                  "SYSTEM_COMPONENTS",
                  "WORKLOADS"
                ]
              }
            ],
            "logging_service": "logging.googleapis.com/kubernetes",
            "maintenance_policy": [],
            "master_auth": [
              {
                "client_certificate": "",
                "client_certificate_config": [
                  {
                    "issue_client_certificate": false
                  }
                ],
                "client_key": "",
                "cluster_ca_certificate": "LS0tLS1CRUdJTiBDRVJUSUZJQ0FURS0tLS0tCk1JSUVMVENDQXBXZ0F3SUJBZ0lSQVBXMFpNdkRwUS9VK2duYjFHNThRZTR3RFFZSktvWklodmNOQVFFTEJRQXcKTHpFdE1Dc0dBMVVFQXhNa09HTTJOR1kyWmpndE9UTXhNaTAwWmpFNUxUZ3daREF0WVdJME16bG1OR1ZtTkRFeQpNQ0FYRFRJek1ETXhNakE0TVRFeE5sb1lEekl3TlRNd016QTBNRGt4TVRFMldqQXZNUzB3S3dZRFZRUURFeVE0Cll6WTBaalptT0MwNU16RXlMVFJtTVRrdE9EQmtNQzFoWWpRek9XWTBaV1kwTVRJd2dnR2lNQTBHQ1NxR1NJYjMKRFFFQkFRVUFBNElCandBd2dnR0tBb0lCZ1FEcEJTRm5HdHdCaVNrTnNpejlCeW1RcEV6emUzK2xVa1RXdEFvbgpFNko1eTNRWW5jeEYwZ1R5MytRRmdES0IzazlyallQREhtakx4MFhOdW5nTlVRV1dZaitzWjR5cWZReHRNTmc3Ci9kOFM4VE5MNUJEYzlXa044Q0pnK3lGaTJJdkx0RU9HbHhWYnNNa0ZMYjQveC9ldnRtb3dnNkFROFYyZ1Y1M2QKVUhpU2FabDhhZnBhUUppVFpTYTdNLzFZSzUxVlJIaEZBTVlBTUpSOWZCdFpPSW04akp1KzJJMDNrSFpxWDg0VApuMzFUNGd0R2FaL2d4R1piS0EwUGM4VURUYU4ycHIzTWR0OEVNaFpuQVNzRmFuZU5Md1JkWTBiYWNtUkZvQlk2Cjd3NGhEQ3g3UTNNckl2L2hadThHOHo0R2lZd2p5ZGo3dGpLZ3c3MnJDOE1ScXlkYkUweDltMDAzMFBkVjQ5amQKSFRzWkVqT2RNREUrOWJOT29xYmFmV0E0dUkwWUJVSTYwaXMvNkJtckF0MUVaQ21wK0JIcTNlZ1JzSkdKdEtKQgpQNE52TzNnVW83MGtJcklpbFU3Ukp0Wjh6dG4zVHdpamxON2lxZmNQMUEwY1F3L3VyNUlvSXR6UVltYTB1a3B2Ci9BWTdYaXVRczhZYldvOTJwb25YWldtdXJWRUNBd0VBQWFOQ01FQXdEZ1lEVlIwUEFRSC9CQVFEQWdJRU1BOEcKQTFVZEV3RUIvd1FGTUFNQkFmOHdIUVlEVlIwT0JCWUVGSTFVSmdpTTlReEw3aFp0YnZrbGNDenc5Sk5ETUEwRwpDU3FHU0liM0RRRUJDd1VBQTRJQmdRQm9FNUl4NjgrQVl0STJPK3ZTSkJ2SEY0WkU2Z1FEN2RvYTd4NmFKNnlkCjFPcldWNzNjZjB2Y2dWbFBXcmhncGNqWlhmYUhrSnN6NlNMeWNsMlBXVFF2VCtma1dpTEpBTDg5S1IwaGxwZ2EKTTBSNlQ0M09hSzlTTmJrTU9mb2djc3M5NVJ6UlB4UlZmTWlvYnVmT0ZnYWViL09UbXhLUlRwekVHTzF2TXBWVQp1UFQ4QU15RVBrWWp2aFZHVDN0dEMwV3NseUFpRXZLY1dPRzJGanBkWlJKRGdEeUI3NFJ2ZjdWWDRzaXhOSCt1Clc0LzdtbVU0RDYvNWJCWUFvWEkvZ1RENkdHMTN5SHFNaHdZWmxIOWczd1JtM29sdTJlcjdrYWZKWURsSytHbmgKTW1FQXR3SUk1ckdwRGNBbDdHdTJZMlFSZVBJV1pVdEk4V0VkenoySGRmM0Vra1VwUjVwRkYzZzgwSGd2M0VaWgpXdDBTa3NFUytqYlNlS3J2aWJ6QU5jdi9SZGkyWDBYTkZqdElhK0dIaHYwZGkzMngzcGdiazZaUWlPR0pyRms2CllzWUx1TXFCQThwV3RKYXk1WEdMV0s4UU5rZVVRcTl2Y2JObHBoUHM5OElQd1pIVEVxWHUySHhGc0RkUmJad20KNVZkdUJScEJSR0dJZFJ4SVNaZGZnQUE9Ci0tLS0tRU5EIENFUlRJRklDQVRFLS0tLS0K"
              }
            ],
            "master_authorized_networks_config": [],
            "master_version": "1.24.9-gke.3200",
            "mesh_certificates": [],
            "min_master_version": null,
            "monitoring_config": [
              {
                "enable_components": [
                  "SYSTEM_COMPONENTS"
                ],
                "managed_prometheus": []
              }
            ],
            "monitoring_service": "monitoring.googleapis.com/kubernetes",
            "name": "dheeraj-company5-prod-gcp-k8s-cluster",
            "network": "projects/dataloop-candidate-environment/global/networks/default",
            "network_policy": [
              {
                "enabled": false,
                "provider": "PROVIDER_UNSPECIFIED"
              }
            ],
            "networking_mode": "VPC_NATIVE",
            "node_config": [
              {
                "boot_disk_kms_key": "",
                "disk_size_gb": 100,
                "disk_type": "pd-balanced",
                "gcfs_config": [],
                "guest_accelerator": [],
                "gvnic": [],
                "image_type": "COS_CONTAINERD",
                "kubelet_config": [],
                "labels": {
                  "role": "general"
                },
                "linux_node_config": [],
                "local_ssd_count": 0,
                "logging_variant": "DEFAULT",
                "machine_type": "e2-medium",
                "metadata": {
                  "disable-legacy-endpoints": "true"
                },
                "min_cpu_platform": "",
                "node_group": "",
                "oauth_scopes": [
                  "https://www.googleapis.com/auth/cloud-platform"
                ],
                "preemptible": false,
                "reservation_affinity": [],
                "resource_labels": {},
                "service_account": "terraform@dataloop-candidate-environment.iam.gserviceaccount.com",
                "shielded_instance_config": [
                  {
                    "enable_integrity_monitoring": true,
                    "enable_secure_boot": false
                  }
                ],
                "spot": false,
                "tags": [],
                "taint": [],
                "workload_metadata_config": [
                  {
                    "mode": "GKE_METADATA"
                  }
                ]
              }
            ],
            "node_locations": [
              "us-east1-d"
            ],
            "node_pool": [
              {
                "autoscaling": [],
                "initial_node_count": 1,
                "instance_group_urls": [
                  "https://www.googleapis.com/compute/v1/projects/dataloop-candidate-environment/zones/us-east1-b/instanceGroupManagers/gke-dheeraj-company5-prod-company5-no-ed1208d5-grp",
                  "https://www.googleapis.com/compute/v1/projects/dataloop-candidate-environment/zones/us-east1-d/instanceGroupManagers/gke-dheeraj-company5-prod-company5-no-0bde868c-grp"
                ],
                "managed_instance_group_urls": [
                  "https://www.googleapis.com/compute/v1/projects/dataloop-candidate-environment/zones/us-east1-b/instanceGroups/gke-dheeraj-company5-prod-company5-no-ed1208d5-grp",
                  "https://www.googleapis.com/compute/v1/projects/dataloop-candidate-environment/zones/us-east1-d/instanceGroups/gke-dheeraj-company5-prod-company5-no-0bde868c-grp"
                ],
                "management": [
                  {
                    "auto_repair": true,
                    "auto_upgrade": true
                  }
                ],
                "max_pods_per_node": 110,
                "name": "prod-company5-node-pool",
                "name_prefix": "",
                "network_config": [
                  {
                    "create_pod_range": false,
                    "enable_private_nodes": false,
                    "pod_ipv4_cidr_block": "10.4.0.0/14",
                    "pod_range": "gke-dheeraj-company5-prod-gcp-k8s-cluster-pods-616f84d6"
                  }
                ],
                "node_config": [
                  {
                    "boot_disk_kms_key": "",
                    "disk_size_gb": 100,
                    "disk_type": "pd-balanced",
                    "gcfs_config": [],
                    "guest_accelerator": [],
                    "gvnic": [],
                    "image_type": "COS_CONTAINERD",
                    "kubelet_config": [],
                    "labels": {
                      "role": "general"
                    },
                    "linux_node_config": [],
                    "local_ssd_count": 0,
                    "logging_variant": "DEFAULT",
                    "machine_type": "e2-medium",
                    "metadata": {
                      "disable-legacy-endpoints": "true"
                    },
                    "min_cpu_platform": "",
                    "node_group": "",
                    "oauth_scopes": [
                      "https://www.googleapis.com/auth/cloud-platform"
                    ],
                    "preemptible": false,
                    "reservation_affinity": [],
                    "resource_labels": {},
                    "service_account": "terraform@dataloop-candidate-environment.iam.gserviceaccount.com",
                    "shielded_instance_config": [
                      {
                        "enable_integrity_monitoring": true,
                        "enable_secure_boot": false
                      }
                    ],
                    "spot": false,
                    "tags": [],
                    "taint": [],
                    "workload_metadata_config": [
                      {
                        "mode": "GKE_METADATA"
                      }
                    ]
                  }
                ],
                "node_count": 1,
                "node_locations": [
                  "us-east1-b",
                  "us-east1-d"
                ],
                "placement_policy": [],
                "upgrade_settings": [
                  {
                    "blue_green_settings": [],
                    "max_surge": 1,
                    "max_unavailable": 0,
                    "strategy": "SURGE"
                  }
                ],
                "version": "1.24.9-gke.3200"
              }
            ],
            "node_pool_defaults": [
              {
                "node_config_defaults": [
                  {
                    "logging_variant": "DEFAULT"
                  }
                ]
              }
            ],
            "node_version": "1.24.9-gke.3200",
            "notification_config": [
              {
                "pubsub": [
                  {
                    "enabled": false,
                    "filter": [],
                    "topic": ""
                  }
                ]
              }
            ],
            "operation": null,
            "private_cluster_config": [
              {
                "enable_private_endpoint": false,
                "enable_private_nodes": true,
                "master_global_access_config": [
                  {
                    "enabled": false
                  }
                ],
                "master_ipv4_cidr_block": "172.16.0.0/28",
                "peering_name": "gke-n5ac28d623acd77bfa06-cdd1-9d67-peer",
                "private_endpoint": "172.16.0.2",
                "private_endpoint_subnetwork": "",
                "public_endpoint": "35.243.164.186"
              }
            ],
            "private_ipv6_google_access": "",
            "project": "dataloop-candidate-environment",
            "release_channel": [
              {
                "channel": "REGULAR"
              }
            ],
            "remove_default_node_pool": true,
            "resource_labels": {},
            "resource_usage_export_config": [],
            "self_link": "https://container.googleapis.com/v1/projects/dataloop-candidate-environment/zones/us-east1-b/clusters/dheeraj-company5-prod-gcp-k8s-cluster",
            "service_external_ips_config": [
              {
                "enabled": false
              }
            ],
            "services_ipv4_cidr": "10.8.0.0/20",
            "subnetwork": "projects/dataloop-candidate-environment/regions/us-east1/subnetworks/default",
            "timeouts": null,
            "tpu_ipv4_cidr_block": "",
            "vertical_pod_autoscaling": [],
            "workload_identity_config": [
              {
                "workload_pool": "dataloop-candidate-environment.svc.id.goog"
              }
            ]
          },
          "sensitive_attributes": [],
          "private": "eyJlMmJmYjczMC1lY2FhLTExZTYtOGY4OC0zNDM2M2JjN2M0YzAiOnsiY3JlYXRlIjoyNDAwMDAwMDAwMDAwLCJkZWxldGUiOjI0MDAwMDAwMDAwMDAsInJlYWQiOjI0MDAwMDAwMDAwMDAsInVwZGF0ZSI6MzYwMDAwMDAwMDAwMH0sInNjaGVtYV92ZXJzaW9uIjoiMSJ9"
        }
      ]
    },
    {
      "mode": "managed",
      "type": "google_container_node_pool",
      "name": "general",
      "provider": "provider[\"registry.terraform.io/hashicorp/google\"]",
      "instances": [
        {
          "schema_version": 1,
          "attributes": {
            "autoscaling": [],
            "cluster": "projects/dataloop-candidate-environment/locations/us-east1-b/clusters/dheeraj-company5-prod-gcp-k8s-cluster",
            "id": "projects/dataloop-candidate-environment/locations/us-east1-b/clusters/dheeraj-company5-prod-gcp-k8s-cluster/nodePools/prod-company5-node-pool",
            "initial_node_count": 1,
            "instance_group_urls": [
              "https://www.googleapis.com/compute/v1/projects/dataloop-candidate-environment/zones/us-east1-b/instanceGroupManagers/gke-dheeraj-company5-prod-company5-no-ed1208d5-grp",
              "https://www.googleapis.com/compute/v1/projects/dataloop-candidate-environment/zones/us-east1-d/instanceGroupManagers/gke-dheeraj-company5-prod-company5-no-0bde868c-grp"
            ],
            "location": "us-east1-b",
            "managed_instance_group_urls": [
              "https://www.googleapis.com/compute/v1/projects/dataloop-candidate-environment/zones/us-east1-b/instanceGroups/gke-dheeraj-company5-prod-company5-no-ed1208d5-grp",
              "https://www.googleapis.com/compute/v1/projects/dataloop-candidate-environment/zones/us-east1-d/instanceGroups/gke-dheeraj-company5-prod-company5-no-0bde868c-grp"
            ],
            "management": [
              {
                "auto_repair": true,
                "auto_upgrade": true
              }
            ],
            "max_pods_per_node": 110,
            "name": "prod-company5-node-pool",
            "name_prefix": "",
            "network_config": [
              {
                "create_pod_range": false,
                "enable_private_nodes": false,
                "pod_ipv4_cidr_block": "10.4.0.0/14",
                "pod_range": "gke-dheeraj-company5-prod-gcp-k8s-cluster-pods-616f84d6"
              }
            ],
            "node_config": [
              {
                "boot_disk_kms_key": "",
                "disk_size_gb": 100,
                "disk_type": "pd-balanced",
                "gcfs_config": [],
                "guest_accelerator": [],
                "gvnic": [],
                "image_type": "COS_CONTAINERD",
                "kubelet_config": [],
                "labels": {
                  "role": "general"
                },
                "linux_node_config": [],
                "local_ssd_count": 0,
                "logging_variant": "DEFAULT",
                "machine_type": "e2-medium",
                "metadata": {
                  "disable-legacy-endpoints": "true"
                },
                "min_cpu_platform": "",
                "node_group": "",
                "oauth_scopes": [
                  "https://www.googleapis.com/auth/cloud-platform"
                ],
                "preemptible": false,
                "reservation_affinity": [],
                "resource_labels": {},
                "service_account": "terraform@dataloop-candidate-environment.iam.gserviceaccount.com",
                "shielded_instance_config": [
                  {
                    "enable_integrity_monitoring": true,
                    "enable_secure_boot": false
                  }
                ],
                "spot": false,
                "tags": [],
                "taint": [],
                "workload_metadata_config": [
                  {
                    "mode": "GKE_METADATA"
                  }
                ]
              }
            ],
            "node_count": 1,
            "node_locations": [
              "us-east1-b",
              "us-east1-d"
            ],
            "operation": null,
            "placement_policy": [],
            "project": "dataloop-candidate-environment",
            "timeouts": null,
            "upgrade_settings": [
              {
                "blue_green_settings": [],
                "max_surge": 1,
                "max_unavailable": 0,
                "strategy": "SURGE"
              }
            ],
            "version": "1.24.9-gke.3200"
          },
          "sensitive_attributes": [],
          "private": "eyJlMmJmYjczMC1lY2FhLTExZTYtOGY4OC0zNDM2M2JjN2M0YzAiOnsiY3JlYXRlIjoxODAwMDAwMDAwMDAwLCJkZWxldGUiOjE4MDAwMDAwMDAwMDAsInVwZGF0ZSI6MTgwMDAwMDAwMDAwMH0sInNjaGVtYV92ZXJzaW9uIjoiMSJ9",
          "dependencies": [
            "google_container_cluster.k8s-cluster"
          ]
        }
      ]
    },
    {
      "mode": "managed",
      "type": "google_project_service",
      "name": "compute",
      "provider": "provider[\"registry.terraform.io/hashicorp/google\"]",
      "instances": [
        {
          "schema_version": 0,
          "attributes": {
            "disable_dependent_services": null,
            "disable_on_destroy": true,
            "id": "dataloop-candidate-environment/compute.googleapis.com",
            "project": "dataloop-candidate-environment",
            "service": "compute.googleapis.com",
            "timeouts": null
          },
          "sensitive_attributes": [],
          "private": "eyJlMmJmYjczMC1lY2FhLTExZTYtOGY4OC0zNDM2M2JjN2M0YzAiOnsiY3JlYXRlIjoxMjAwMDAwMDAwMDAwLCJkZWxldGUiOjEyMDAwMDAwMDAwMDAsInJlYWQiOjYwMDAwMDAwMDAwMCwidXBkYXRlIjoxMjAwMDAwMDAwMDAwfX0="
        }
      ]
    },
    {
      "mode": "managed",
      "type": "google_project_service",
      "name": "container",
      "provider": "provider[\"registry.terraform.io/hashicorp/google\"]",
      "instances": [
        {
          "schema_version": 0,
          "attributes": {
            "disable_dependent_services": null,
            "disable_on_destroy": true,
            "id": "dataloop-candidate-environment/container.googleapis.com",
            "project": "dataloop-candidate-environment",
            "service": "container.googleapis.com",
            "timeouts": null
          },
          "sensitive_attributes": [],
          "private": "eyJlMmJmYjczMC1lY2FhLTExZTYtOGY4OC0zNDM2M2JjN2M0YzAiOnsiY3JlYXRlIjoxMjAwMDAwMDAwMDAwLCJkZWxldGUiOjEyMDAwMDAwMDAwMDAsInJlYWQiOjYwMDAwMDAwMDAwMCwidXBkYXRlIjoxMjAwMDAwMDAwMDAwfX0="
        }
      ]
    },
    {
      "mode": "managed",
      "type": "kubernetes_namespace",
      "name": "monitoring",
      "provider": "provider[\"registry.terraform.io/hashicorp/kubernetes\"]",
      "instances": [
        {
          "schema_version": 0,
          "attributes": {
            "id": "monitoring",
            "metadata": [
              {
                "annotations": {},
                "generate_name": "",
                "generation": 0,
                "labels": {
                  "name": "monitoring"
                },
                "name": "monitoring",
                "resource_version": "144207",
                "uid": "58759165-66de-43e9-888b-5fe6e30cf110"
              }
            ],
            "timeouts": null
          },
          "sensitive_attributes": [],
          "private": "eyJlMmJmYjczMC1lY2FhLTExZTYtOGY4OC0zNDM2M2JjN2M0YzAiOnsiZGVsZXRlIjozMDAwMDAwMDAwMDB9fQ==",
          "dependencies": [
            "google_container_cluster.k8s-cluster",
            "null_resource.get-credentials"
          ]
        }
      ]
    },
    {
      "mode": "managed",
      "type": "kubernetes_namespace",
      "name": "services",
      "provider": "provider[\"registry.terraform.io/hashicorp/kubernetes\"]",
      "instances": [
        {
          "schema_version": 0,
          "attributes": {
            "id": "services",
            "metadata": [
              {
                "annotations": {},
                "generate_name": "",
                "generation": 0,
                "labels": {
                  "name": "services"
                },
                "name": "services",
                "resource_version": "141976",
                "uid": "4f9baf82-f1d8-4f0b-8028-055272a21cd0"
              }
            ],
            "timeouts": null
          },
          "sensitive_attributes": [],
          "private": "eyJlMmJmYjczMC1lY2FhLTExZTYtOGY4OC0zNDM2M2JjN2M0YzAiOnsiZGVsZXRlIjozMDAwMDAwMDAwMDB9fQ==",
          "dependencies": [
            "google_container_cluster.k8s-cluster",
            "null_resource.get-credentials"
          ]
        }
      ]
    },
    {
      "mode": "managed",
      "type": "kubernetes_pod",
      "name": "pod-grafana",
      "provider": "provider[\"registry.terraform.io/hashicorp/kubernetes\"]",
      "instances": [
        {
          "schema_version": 1,
          "attributes": {
            "id": "monitoring/pod-grafana",
            "metadata": [
              {
                "annotations": {},
                "generate_name": "",
                "generation": 0,
                "labels": {
                  "name": "pod-grafana"
                },
                "name": "pod-grafana",
                "namespace": "monitoring",
                "resource_version": "232384",
                "uid": "4419a100-7c6c-40eb-9e2c-6746c21b3dfe"
              }
            ],
            "spec": [
              {
                "active_deadline_seconds": 0,
                "affinity": [],
                "automount_service_account_token": true,
                "container": [
                  {
                    "args": [],
                    "command": [],
                    "env": [
                      {
                        "name": "environment",
                        "value": "prod",
                        "value_from": []
                      }
                    ],
                    "env_from": [],
                    "image": "grafana/grafana",
                    "image_pull_policy": "Always",
                    "lifecycle": [],
                    "liveness_probe": [
                      {
                        "exec": [],
                        "failure_threshold": 3,
                        "grpc": [],
                        "http_get": [
                          {
                            "host": "",
                            "http_header": [
                              {
                                "name": "X-Custom-Header",
                                "value": "Awesome"
                              }
                            ],
                            "path": "/",
                            "port": "3000",
                            "scheme": "HTTP"
                          }
                        ],
                        "initial_delay_seconds": 3,
                        "period_seconds": 3,
                        "success_threshold": 1,
                        "tcp_socket": [],
                        "timeout_seconds": 1
                      }
                    ],
                    "name": "container-grafana",
                    "port": [
                      {
                        "container_port": 3000,
                        "host_ip": "",
                        "host_port": 0,
                        "name": "",
                        "protocol": "TCP"
                      }
                    ],
                    "readiness_probe": [],
                    "resources": [
                      {
                        "limits": {},
                        "requests": {}
                      }
                    ],
                    "security_context": [],
                    "startup_probe": [],
                    "stdin": false,
                    "stdin_once": false,
                    "termination_message_path": "/dev/termination-log",
                    "termination_message_policy": "File",
                    "tty": false,
                    "volume_mount": [],
                    "working_dir": ""
                  }
                ],
                "dns_config": [],
                "dns_policy": "ClusterFirst",
                "enable_service_links": true,
                "host_aliases": [],
                "host_ipc": false,
                "host_network": false,
                "host_pid": false,
                "hostname": "",
                "image_pull_secrets": [],
                "init_container": [],
                "node_name": "gke-dheeraj-company5-prod-company5-no-0bde868c-q5fl",
                "node_selector": {},
                "priority_class_name": "",
                "readiness_gate": [],
                "restart_policy": "Always",
                "runtime_class_name": "",
                "security_context": [],
                "service_account_name": "default",
                "share_process_namespace": false,
                "subdomain": "",
                "termination_grace_period_seconds": 30,
                "toleration": [],
                "topology_spread_constraint": [],
                "volume": []
              }
            ],
            "timeouts": null
          },
          "sensitive_attributes": [],
          "private": "eyJlMmJmYjczMC1lY2FhLTExZTYtOGY4OC0zNDM2M2JjN2M0YzAiOnsiY3JlYXRlIjozMDAwMDAwMDAwMDAsImRlbGV0ZSI6MzAwMDAwMDAwMDAwfSwic2NoZW1hX3ZlcnNpb24iOiIxIn0="
        }
      ]
    },
    {
      "mode": "managed",
      "type": "kubernetes_pod",
      "name": "pod-nginx",
      "provider": "provider[\"registry.terraform.io/hashicorp/kubernetes\"]",
      "instances": [
        {
          "schema_version": 1,
          "attributes": {
            "id": "services/pod-nginx",
            "metadata": [
              {
                "annotations": {},
                "generate_name": "",
                "generation": 0,
                "labels": {
                  "name": "pod-nginx"
                },
                "name": "pod-nginx",
                "namespace": "services",
                "resource_version": "231370",
                "uid": "42b8d693-ffeb-4de9-af85-ac2d5a1898c7"
              }
            ],
            "spec": [
              {
                "active_deadline_seconds": 0,
                "affinity": [],
                "automount_service_account_token": true,
                "container": [
                  {
                    "args": [],
                    "command": [],
                    "env": [
                      {
                        "name": "environment",
                        "value": "prod",
                        "value_from": []
                      }
                    ],
                    "env_from": [],
                    "image": "nginx:1.21.6",
                    "image_pull_policy": "IfNotPresent",
                    "lifecycle": [],
                    "liveness_probe": [
                      {
                        "exec": [],
                        "failure_threshold": 3,
                        "grpc": [],
                        "http_get": [
                          {
                            "host": "",
                            "http_header": [
                              {
                                "name": "X-Custom-Header",
                                "value": "Awesome"
                              }
                            ],
                            "path": "/",
                            "port": "80",
                            "scheme": "HTTP"
                          }
                        ],
                        "initial_delay_seconds": 3,
                        "period_seconds": 3,
                        "success_threshold": 1,
                        "tcp_socket": [],
                        "timeout_seconds": 1
                      }
                    ],
                    "name": "container-nginx",
                    "port": [
                      {
                        "container_port": 80,
                        "host_ip": "",
                        "host_port": 0,
                        "name": "",
                        "protocol": "TCP"
                      }
                    ],
                    "readiness_probe": [],
                    "resources": [
                      {
                        "limits": {},
                        "requests": {}
                      }
                    ],
                    "security_context": [],
                    "startup_probe": [],
                    "stdin": false,
                    "stdin_once": false,
                    "termination_message_path": "/dev/termination-log",
                    "termination_message_policy": "File",
                    "tty": false,
                    "volume_mount": [],
                    "working_dir": ""
                  }
                ],
                "dns_config": [],
                "dns_policy": "ClusterFirst",
                "enable_service_links": true,
                "host_aliases": [],
                "host_ipc": false,
                "host_network": false,
                "host_pid": false,
                "hostname": "",
                "image_pull_secrets": [],
                "init_container": [],
                "node_name": "gke-dheeraj-company5-prod-company5-no-0bde868c-q5fl",
                "node_selector": {},
                "priority_class_name": "",
                "readiness_gate": [],
                "restart_policy": "Always",
                "runtime_class_name": "",
                "security_context": [],
                "service_account_name": "default",
                "share_process_namespace": false,
                "subdomain": "",
                "termination_grace_period_seconds": 30,
                "toleration": [],
                "topology_spread_constraint": [],
                "volume": []
              }
            ],
            "timeouts": null
          },
          "sensitive_attributes": [],
          "private": "eyJlMmJmYjczMC1lY2FhLTExZTYtOGY4OC0zNDM2M2JjN2M0YzAiOnsiY3JlYXRlIjozMDAwMDAwMDAwMDAsImRlbGV0ZSI6MzAwMDAwMDAwMDAwfSwic2NoZW1hX3ZlcnNpb24iOiIxIn0="
        }
      ]
    },
    {
      "mode": "managed",
      "type": "kubernetes_pod",
      "name": "pod-prometheus",
      "provider": "provider[\"registry.terraform.io/hashicorp/kubernetes\"]",
      "instances": [
        {
          "schema_version": 1,
          "attributes": {
            "id": "monitoring/pod-prometheus",
            "metadata": [
              {
                "annotations": {},
                "generate_name": "",
                "generation": 0,
                "labels": {
                  "name": "pod-prometheus"
                },
                "name": "pod-prometheus",
                "namespace": "monitoring",
                "resource_version": "232386",
                "uid": "9dd5f8b7-4374-4cc2-b0d5-9ff55c24c34a"
              }
            ],
            "spec": [
              {
                "active_deadline_seconds": 0,
                "affinity": [],
                "automount_service_account_token": true,
                "container": [
                  {
                    "args": [],
                    "command": [],
                    "env": [
                      {
                        "name": "environment",
                        "value": "prod",
                        "value_from": []
                      }
                    ],
                    "env_from": [],
                    "image": "bitnami/prometheus",
                    "image_pull_policy": "Always",
                    "lifecycle": [],
                    "liveness_probe": [
                      {
                        "exec": [],
                        "failure_threshold": 3,
                        "grpc": [],
                        "http_get": [
                          {
                            "host": "",
                            "http_header": [
                              {
                                "name": "X-Custom-Header",
                                "value": "Awesome"
                              }
                            ],
                            "path": "/",
                            "port": "9090",
                            "scheme": "HTTP"
                          }
                        ],
                        "initial_delay_seconds": 3,
                        "period_seconds": 3,
                        "success_threshold": 1,
                        "tcp_socket": [],
                        "timeout_seconds": 1
                      }
                    ],
                    "name": "container-prometheus",
                    "port": [
                      {
                        "container_port": 9090,
                        "host_ip": "",
                        "host_port": 0,
                        "name": "",
                        "protocol": "TCP"
                      }
                    ],
                    "readiness_probe": [],
                    "resources": [
                      {
                        "limits": {},
                        "requests": {}
                      }
                    ],
                    "security_context": [],
                    "startup_probe": [],
                    "stdin": false,
                    "stdin_once": false,
                    "termination_message_path": "/dev/termination-log",
                    "termination_message_policy": "File",
                    "tty": false,
                    "volume_mount": [],
                    "working_dir": ""
                  }
                ],
                "dns_config": [],
                "dns_policy": "ClusterFirst",
                "enable_service_links": true,
                "host_aliases": [],
                "host_ipc": false,
                "host_network": false,
                "host_pid": false,
                "hostname": "",
                "image_pull_secrets": [],
                "init_container": [],
                "node_name": "gke-dheeraj-company5-prod-company5-no-0bde868c-q5fl",
                "node_selector": {},
                "priority_class_name": "",
                "readiness_gate": [],
                "restart_policy": "Always",
                "runtime_class_name": "",
                "security_context": [],
                "service_account_name": "default",
                "share_process_namespace": false,
                "subdomain": "",
                "termination_grace_period_seconds": 30,
                "toleration": [],
                "topology_spread_constraint": [],
                "volume": []
              }
            ],
            "timeouts": null
          },
          "sensitive_attributes": [],
          "private": "eyJlMmJmYjczMC1lY2FhLTExZTYtOGY4OC0zNDM2M2JjN2M0YzAiOnsiY3JlYXRlIjozMDAwMDAwMDAwMDAsImRlbGV0ZSI6MzAwMDAwMDAwMDAwfSwic2NoZW1hX3ZlcnNpb24iOiIxIn0="
        }
      ]
    },
    {
      "mode": "managed",
      "type": "kubernetes_service",
      "name": "grafana",
      "provider": "provider[\"registry.terraform.io/hashicorp/kubernetes\"]",
      "instances": [
        {
          "schema_version": 1,
          "attributes": {
            "id": "monitoring/svc-grafana",
            "metadata": [
              {
                "annotations": {},
                "generate_name": "",
                "generation": 0,
                "labels": {},
                "name": "svc-grafana",
                "namespace": "monitoring",
                "resource_version": "227616",
                "uid": "5738ca77-4d34-453f-a304-077a18b3105f"
              }
            ],
            "spec": [
              {
                "allocate_load_balancer_node_ports": true,
                "cluster_ip": "10.8.12.243",
                "cluster_ips": [
                  "10.8.12.243"
                ],
                "external_ips": [],
                "external_name": "",
                "external_traffic_policy": "Cluster",
                "health_check_node_port": 0,
                "internal_traffic_policy": "Cluster",
                "ip_families": [
                  "IPv4"
                ],
                "ip_family_policy": "SingleStack",
                "load_balancer_class": "",
                "load_balancer_ip": "",
                "load_balancer_source_ranges": [],
                "port": [
                  {
                    "app_protocol": "",
                    "name": "",
                    "node_port": 30064,
                    "port": 80,
                    "protocol": "TCP",
                    "target_port": "3000"
                  }
                ],
                "publish_not_ready_addresses": false,
                "selector": {
                  "name": "pod-grafana"
                },
                "session_affinity": "ClientIP",
                "session_affinity_config": [
                  {
                    "client_ip": [
                      {
                        "timeout_seconds": 10800
                      }
                    ]
                  }
                ],
                "type": "LoadBalancer"
              }
            ],
            "status": [
              {
                "load_balancer": [
                  {
                    "ingress": [
                      {
                        "hostname": "",
                        "ip": "35.237.11.42"
                      }
                    ]
                  }
                ]
              }
            ],
            "timeouts": null,
            "wait_for_load_balancer": true
          },
          "sensitive_attributes": [],
          "private": "eyJlMmJmYjczMC1lY2FhLTExZTYtOGY4OC0zNDM2M2JjN2M0YzAiOnsiY3JlYXRlIjo2MDAwMDAwMDAwMDB9LCJzY2hlbWFfdmVyc2lvbiI6IjEifQ=="
        }
      ]
    },
    {
      "mode": "managed",
      "type": "kubernetes_service",
      "name": "nginx",
      "provider": "provider[\"registry.terraform.io/hashicorp/kubernetes\"]",
      "instances": [
        {
          "schema_version": 1,
          "attributes": {
            "id": "services/svc-nginx",
            "metadata": [
              {
                "annotations": {},
                "generate_name": "",
                "generation": 0,
                "labels": {},
                "name": "svc-nginx",
                "namespace": "services",
                "resource_version": "227615",
                "uid": "f9329bef-513c-41ac-905a-fd9fbf1b6634"
              }
            ],
            "spec": [
              {
                "allocate_load_balancer_node_ports": true,
                "cluster_ip": "10.8.3.183",
                "cluster_ips": [
                  "10.8.3.183"
                ],
                "external_ips": [],
                "external_name": "",
                "external_traffic_policy": "Cluster",
                "health_check_node_port": 0,
                "internal_traffic_policy": "Cluster",
                "ip_families": [
                  "IPv4"
                ],
                "ip_family_policy": "SingleStack",
                "load_balancer_class": "",
                "load_balancer_ip": "",
                "load_balancer_source_ranges": [],
                "port": [
                  {
                    "app_protocol": "",
                    "name": "",
                    "node_port": 32575,
                    "port": 80,
                    "protocol": "TCP",
                    "target_port": "80"
                  }
                ],
                "publish_not_ready_addresses": false,
                "selector": {
                  "name": "pod-nginx"
                },
                "session_affinity": "ClientIP",
                "session_affinity_config": [
                  {
                    "client_ip": [
                      {
                        "timeout_seconds": 10800
                      }
                    ]
                  }
                ],
                "type": "LoadBalancer"
              }
            ],
            "status": [
              {
                "load_balancer": [
                  {
                    "ingress": [
                      {
                        "hostname": "",
                        "ip": "34.74.211.78"
                      }
                    ]
                  }
                ]
              }
            ],
            "timeouts": null,
            "wait_for_load_balancer": true
          },
          "sensitive_attributes": [],
          "private": "eyJlMmJmYjczMC1lY2FhLTExZTYtOGY4OC0zNDM2M2JjN2M0YzAiOnsiY3JlYXRlIjo2MDAwMDAwMDAwMDB9LCJzY2hlbWFfdmVyc2lvbiI6IjEifQ=="
        }
      ]
    },
    {
      "mode": "managed",
      "type": "null_resource",
      "name": "get-credentials",
      "provider": "provider[\"registry.terraform.io/hashicorp/null\"]",
      "instances": [
        {
          "schema_version": 0,
          "attributes": {
            "id": "5244811761520936163",
            "triggers": null
          },
          "sensitive_attributes": [],
          "dependencies": [
            "google_container_cluster.k8s-cluster"
          ]
        }
      ]
    }
  ],
  "check_results": null
}
